// !$*UTF8*$!
{
	archiveVersion = 1;
	classes = {
	};
	objectVersion = 50;
	objects = {

/* Begin PBXBuildFile section */
		1B1C0B42FC210EFDC6DD5EC2 /* Pods_JUST_GIF_IT.framework in Frameworks */ = {isa = PBXBuildFile; fileRef = 640F862E8233B3A84D00265F /* Pods_JUST_GIF_IT.framework */; };
		8B0E699921ADEC0D0041DF5E /* String+Extension.swift in Sources */ = {isa = PBXBuildFile; fileRef = 8B0E699821ADEC0D0041DF5E /* String+Extension.swift */; };
		8B0E699B21ADF50E0041DF5E /* APIManager.swift in Sources */ = {isa = PBXBuildFile; fileRef = 8B0E699A21ADF50E0041DF5E /* APIManager.swift */; };
		8B0E69A021AE0BF90041DF5E /* InternalError.swift in Sources */ = {isa = PBXBuildFile; fileRef = 8B0E699F21AE0BF90041DF5E /* InternalError.swift */; };
		8B24E3B221AC9A0A007D323E /* ReplaceRootSegue.swift in Sources */ = {isa = PBXBuildFile; fileRef = 8B24E3B121AC9A0A007D323E /* ReplaceRootSegue.swift */; };
		8B24E3B521ACA727007D323E /* CAGradientLayer +Extension.swift in Sources */ = {isa = PBXBuildFile; fileRef = 8B24E3B421ACA727007D323E /* CAGradientLayer +Extension.swift */; };
		8B24E3B721ACA828007D323E /* UINavigationBar+Extension.swift in Sources */ = {isa = PBXBuildFile; fileRef = 8B24E3B621ACA828007D323E /* UINavigationBar+Extension.swift */; };
		8B24E3B921ACB510007D323E /* NewImageViewController.swift in Sources */ = {isa = PBXBuildFile; fileRef = 8B24E3B821ACB510007D323E /* NewImageViewController.swift */; };
		8B24E3BB21ACB53A007D323E /* GifViewController.swift in Sources */ = {isa = PBXBuildFile; fileRef = 8B24E3BA21ACB53A007D323E /* GifViewController.swift */; };
		8B45B5EA21B093F5002F6458 /* KeychainManager.swift in Sources */ = {isa = PBXBuildFile; fileRef = 8B45B5E921B093F5002F6458 /* KeychainManager.swift */; };
		8B45B5EC21B0B728002F6458 /* SegueManager.swift in Sources */ = {isa = PBXBuildFile; fileRef = 8B45B5EB21B0B728002F6458 /* SegueManager.swift */; };
		8B6E1C0C21AB7E8000C03489 /* UIViewController+Extension.swift in Sources */ = {isa = PBXBuildFile; fileRef = 8B6E1C0B21AB7E8000C03489 /* UIViewController+Extension.swift */; };
		8B91A47821AE15F500387502 /* UIActivityIndicatorView+Extension.swift in Sources */ = {isa = PBXBuildFile; fileRef = 8B91A47721AE15F500387502 /* UIActivityIndicatorView+Extension.swift */; };
		8B959FCA21B334F100638B2E /* User.swift in Sources */ = {isa = PBXBuildFile; fileRef = 8B959FC921B334F100638B2E /* User.swift */; };
		8B96C36221AB2DC700F26A6D /* AvatarImageView.swift in Sources */ = {isa = PBXBuildFile; fileRef = 8B96C36121AB2DC700F26A6D /* AvatarImageView.swift */; };
		8B96C36521AB349500F26A6D /* CALayer+Extenstion.swift in Sources */ = {isa = PBXBuildFile; fileRef = 8B96C36421AB349400F26A6D /* CALayer+Extenstion.swift */; };
		8B96C36821AB3ED600F26A6D /* UITextField+Extension.swift in Sources */ = {isa = PBXBuildFile; fileRef = 8B96C36721AB3ED600F26A6D /* UITextField+Extension.swift */; };
		8B96C36A21AB3FAA00F26A6D /* UIButton+Extension.swift in Sources */ = {isa = PBXBuildFile; fileRef = 8B96C36921AB3FAA00F26A6D /* UIButton+Extension.swift */; };
		8B99D95621B36AA100A3B518 /* UIImage+Extension.swift in Sources */ = {isa = PBXBuildFile; fileRef = 8B99D95521B36AA100A3B518 /* UIImage+Extension.swift */; };
		8B99D95D21B41B9E00A3B518 /* APIManager+Auth.swift in Sources */ = {isa = PBXBuildFile; fileRef = 8B99D95C21B41B9E00A3B518 /* APIManager+Auth.swift */; };
		8BC6586C21AB0A13005EA71A /* Login.storyboard in Resources */ = {isa = PBXBuildFile; fileRef = 8BC6586B21AB0A13005EA71A /* Login.storyboard */; };
		8BCD354821AAD49200A2A634 /* AppDelegate.swift in Sources */ = {isa = PBXBuildFile; fileRef = 8BCD354721AAD49200A2A634 /* AppDelegate.swift */; };
		8BCD354F21AAD49400A2A634 /* Assets.xcassets in Resources */ = {isa = PBXBuildFile; fileRef = 8BCD354E21AAD49400A2A634 /* Assets.xcassets */; };
		8BCD355A21AAE5E800A2A634 /* GalleryViewController.swift in Sources */ = {isa = PBXBuildFile; fileRef = 8BCD355921AAE5E800A2A634 /* GalleryViewController.swift */; };
		8BCD355F21AAEB1300A2A634 /* LoginViewController.swift in Sources */ = {isa = PBXBuildFile; fileRef = 8BCD355E21AAEB1300A2A634 /* LoginViewController.swift */; };
		8BCD356921AAECC900A2A634 /* LaunchScreen.storyboard in Resources */ = {isa = PBXBuildFile; fileRef = 8BCD356621AAECC900A2A634 /* LaunchScreen.storyboard */; };
		8BCD356A21AAECC900A2A634 /* Main.storyboard in Resources */ = {isa = PBXBuildFile; fileRef = 8BCD356721AAECC900A2A634 /* Main.storyboard */; };
		8BCD356D21AAED1600A2A634 /* AppManager.swift in Sources */ = {isa = PBXBuildFile; fileRef = 8BCD356C21AAED1600A2A634 /* AppManager.swift */; };
		8BCD357021AAF79600A2A634 /* UserManager.swift in Sources */ = {isa = PBXBuildFile; fileRef = 8BCD356F21AAF79600A2A634 /* UserManager.swift */; };
		8BCD357221AB07E400A2A634 /* RegisterViewController.swift in Sources */ = {isa = PBXBuildFile; fileRef = 8BCD357121AB07E400A2A634 /* RegisterViewController.swift */; };
/* End PBXBuildFile section */

/* Begin PBXFileReference section */
		0277FB1D27B7DD3B10E1BC13 /* Pods-JUST GIF IT.debug.xcconfig */ = {isa = PBXFileReference; includeInIndex = 1; lastKnownFileType = text.xcconfig; name = "Pods-JUST GIF IT.debug.xcconfig"; path = "Pods/Target Support Files/Pods-JUST GIF IT/Pods-JUST GIF IT.debug.xcconfig"; sourceTree = "<group>"; };
		640F862E8233B3A84D00265F /* Pods_JUST_GIF_IT.framework */ = {isa = PBXFileReference; explicitFileType = wrapper.framework; includeInIndex = 0; path = Pods_JUST_GIF_IT.framework; sourceTree = BUILT_PRODUCTS_DIR; };
		8B0E699821ADEC0D0041DF5E /* String+Extension.swift */ = {isa = PBXFileReference; lastKnownFileType = sourcecode.swift; path = "String+Extension.swift"; sourceTree = "<group>"; };
		8B0E699A21ADF50E0041DF5E /* APIManager.swift */ = {isa = PBXFileReference; lastKnownFileType = sourcecode.swift; path = APIManager.swift; sourceTree = "<group>"; };
		8B0E699F21AE0BF90041DF5E /* InternalError.swift */ = {isa = PBXFileReference; lastKnownFileType = sourcecode.swift; path = InternalError.swift; sourceTree = "<group>"; };
		8B24E3B121AC9A0A007D323E /* ReplaceRootSegue.swift */ = {isa = PBXFileReference; lastKnownFileType = sourcecode.swift; path = ReplaceRootSegue.swift; sourceTree = "<group>"; };
		8B24E3B421ACA727007D323E /* CAGradientLayer +Extension.swift */ = {isa = PBXFileReference; lastKnownFileType = sourcecode.swift; path = "CAGradientLayer +Extension.swift"; sourceTree = "<group>"; };
		8B24E3B621ACA828007D323E /* UINavigationBar+Extension.swift */ = {isa = PBXFileReference; lastKnownFileType = sourcecode.swift; path = "UINavigationBar+Extension.swift"; sourceTree = "<group>"; };
		8B24E3B821ACB510007D323E /* NewImageViewController.swift */ = {isa = PBXFileReference; lastKnownFileType = sourcecode.swift; path = NewImageViewController.swift; sourceTree = "<group>"; };
		8B24E3BA21ACB53A007D323E /* GifViewController.swift */ = {isa = PBXFileReference; lastKnownFileType = sourcecode.swift; path = GifViewController.swift; sourceTree = "<group>"; };
		8B45B5E921B093F5002F6458 /* KeychainManager.swift */ = {isa = PBXFileReference; lastKnownFileType = sourcecode.swift; path = KeychainManager.swift; sourceTree = "<group>"; };
		8B45B5EB21B0B728002F6458 /* SegueManager.swift */ = {isa = PBXFileReference; lastKnownFileType = sourcecode.swift; path = SegueManager.swift; sourceTree = "<group>"; };
		8B6E1C0B21AB7E8000C03489 /* UIViewController+Extension.swift */ = {isa = PBXFileReference; lastKnownFileType = sourcecode.swift; path = "UIViewController+Extension.swift"; sourceTree = "<group>"; };
		8B91A47721AE15F500387502 /* UIActivityIndicatorView+Extension.swift */ = {isa = PBXFileReference; lastKnownFileType = sourcecode.swift; path = "UIActivityIndicatorView+Extension.swift"; sourceTree = "<group>"; };
		8B959FC921B334F100638B2E /* User.swift */ = {isa = PBXFileReference; lastKnownFileType = sourcecode.swift; path = User.swift; sourceTree = "<group>"; };
		8B96C36121AB2DC700F26A6D /* AvatarImageView.swift */ = {isa = PBXFileReference; lastKnownFileType = sourcecode.swift; path = AvatarImageView.swift; sourceTree = "<group>"; };
		8B96C36421AB349400F26A6D /* CALayer+Extenstion.swift */ = {isa = PBXFileReference; fileEncoding = 4; lastKnownFileType = sourcecode.swift; path = "CALayer+Extenstion.swift"; sourceTree = "<group>"; };
		8B96C36721AB3ED600F26A6D /* UITextField+Extension.swift */ = {isa = PBXFileReference; lastKnownFileType = sourcecode.swift; path = "UITextField+Extension.swift"; sourceTree = "<group>"; };
		8B96C36921AB3FAA00F26A6D /* UIButton+Extension.swift */ = {isa = PBXFileReference; lastKnownFileType = sourcecode.swift; path = "UIButton+Extension.swift"; sourceTree = "<group>"; };
		8B99D95521B36AA100A3B518 /* UIImage+Extension.swift */ = {isa = PBXFileReference; lastKnownFileType = sourcecode.swift; path = "UIImage+Extension.swift"; sourceTree = "<group>"; };
		8B99D95C21B41B9E00A3B518 /* APIManager+Auth.swift */ = {isa = PBXFileReference; lastKnownFileType = sourcecode.swift; path = "APIManager+Auth.swift"; sourceTree = "<group>"; };
		8BC6586B21AB0A13005EA71A /* Login.storyboard */ = {isa = PBXFileReference; lastKnownFileType = file.storyboard; path = Login.storyboard; sourceTree = "<group>"; };
		8BCD354421AAD49200A2A634 /* JUST GIF IT.app */ = {isa = PBXFileReference; explicitFileType = wrapper.application; includeInIndex = 0; path = "JUST GIF IT.app"; sourceTree = BUILT_PRODUCTS_DIR; };
		8BCD354721AAD49200A2A634 /* AppDelegate.swift */ = {isa = PBXFileReference; lastKnownFileType = sourcecode.swift; path = AppDelegate.swift; sourceTree = "<group>"; };
		8BCD354E21AAD49400A2A634 /* Assets.xcassets */ = {isa = PBXFileReference; lastKnownFileType = folder.assetcatalog; path = Assets.xcassets; sourceTree = "<group>"; };
		8BCD355321AAD49500A2A634 /* Info.plist */ = {isa = PBXFileReference; lastKnownFileType = text.plist.xml; path = Info.plist; sourceTree = "<group>"; };
		8BCD355921AAE5E800A2A634 /* GalleryViewController.swift */ = {isa = PBXFileReference; lastKnownFileType = sourcecode.swift; path = GalleryViewController.swift; sourceTree = "<group>"; };
		8BCD355E21AAEB1300A2A634 /* LoginViewController.swift */ = {isa = PBXFileReference; lastKnownFileType = sourcecode.swift; path = LoginViewController.swift; sourceTree = "<group>"; };
		8BCD356621AAECC900A2A634 /* LaunchScreen.storyboard */ = {isa = PBXFileReference; fileEncoding = 4; lastKnownFileType = file.storyboard; path = LaunchScreen.storyboard; sourceTree = "<group>"; };
		8BCD356721AAECC900A2A634 /* Main.storyboard */ = {isa = PBXFileReference; fileEncoding = 4; lastKnownFileType = file.storyboard; path = Main.storyboard; sourceTree = "<group>"; };
		8BCD356C21AAED1600A2A634 /* AppManager.swift */ = {isa = PBXFileReference; lastKnownFileType = sourcecode.swift; path = AppManager.swift; sourceTree = "<group>"; };
		8BCD356F21AAF79600A2A634 /* UserManager.swift */ = {isa = PBXFileReference; lastKnownFileType = sourcecode.swift; path = UserManager.swift; sourceTree = "<group>"; };
		8BCD357121AB07E400A2A634 /* RegisterViewController.swift */ = {isa = PBXFileReference; lastKnownFileType = sourcecode.swift; path = RegisterViewController.swift; sourceTree = "<group>"; };
		97CACF23ECDA3AFF2C013CCE /* Pods-JUST GIF IT.release.xcconfig */ = {isa = PBXFileReference; includeInIndex = 1; lastKnownFileType = text.xcconfig; name = "Pods-JUST GIF IT.release.xcconfig"; path = "Pods/Target Support Files/Pods-JUST GIF IT/Pods-JUST GIF IT.release.xcconfig"; sourceTree = "<group>"; };
/* End PBXFileReference section */

/* Begin PBXFrameworksBuildPhase section */
		8BCD354121AAD49200A2A634 /* Frameworks */ = {
			isa = PBXFrameworksBuildPhase;
			buildActionMask = 2147483647;
			files = (
				1B1C0B42FC210EFDC6DD5EC2 /* Pods_JUST_GIF_IT.framework in Frameworks */,
			);
			runOnlyForDeploymentPostprocessing = 0;
		};
/* End PBXFrameworksBuildPhase section */

/* Begin PBXGroup section */
		37E82E21FF136206B8E65F2A /* Pods */ = {
			isa = PBXGroup;
			children = (
				0277FB1D27B7DD3B10E1BC13 /* Pods-JUST GIF IT.debug.xcconfig */,
				97CACF23ECDA3AFF2C013CCE /* Pods-JUST GIF IT.release.xcconfig */,
			);
			name = Pods;
			sourceTree = "<group>";
		};
		3A0844003EEE2049D0B4B436 /* Frameworks */ = {
			isa = PBXGroup;
			children = (
				640F862E8233B3A84D00265F /* Pods_JUST_GIF_IT.framework */,
			);
			name = Frameworks;
			sourceTree = "<group>";
		};
		8B0E699E21ADFD470041DF5E /* Models */ = {
			isa = PBXGroup;
			children = (
				8B0E699F21AE0BF90041DF5E /* InternalError.swift */,
				8B45B5EB21B0B728002F6458 /* SegueManager.swift */,
				8B959FC821B334D200638B2E /* Mappable */,
			);
			path = Models;
			sourceTree = "<group>";
		};
		8B24E3B321AC9AF7007D323E /* Other */ = {
			isa = PBXGroup;
			children = (
				8B24E3B121AC9A0A007D323E /* ReplaceRootSegue.swift */,
			);
			path = Other;
			sourceTree = "<group>";
		};
		8B959FC821B334D200638B2E /* Mappable */ = {
			isa = PBXGroup;
			children = (
				8B959FC921B334F100638B2E /* User.swift */,
			);
			path = Mappable;
			sourceTree = "<group>";
		};
		8B96C36321AB2DCA00F26A6D /* Views */ = {
			isa = PBXGroup;
			children = (
				8B96C36121AB2DC700F26A6D /* AvatarImageView.swift */,
			);
			path = Views;
			sourceTree = "<group>";
		};
		8B96C36621AB349F00F26A6D /* Extensions */ = {
			isa = PBXGroup;
			children = (
				8B0E699821ADEC0D0041DF5E /* String+Extension.swift */,
				8B96C36421AB349400F26A6D /* CALayer+Extenstion.swift */,
				8B96C36721AB3ED600F26A6D /* UITextField+Extension.swift */,
				8B96C36921AB3FAA00F26A6D /* UIButton+Extension.swift */,
				8B24E3B621ACA828007D323E /* UINavigationBar+Extension.swift */,
				8B6E1C0B21AB7E8000C03489 /* UIViewController+Extension.swift */,
				8B24E3B421ACA727007D323E /* CAGradientLayer +Extension.swift */,
				8B91A47721AE15F500387502 /* UIActivityIndicatorView+Extension.swift */,
				8B99D95521B36AA100A3B518 /* UIImage+Extension.swift */,
			);
			path = Extensions;
			sourceTree = "<group>";
		};
		8B99D95B21B41B8300A3B518 /* APImanager */ = {
			isa = PBXGroup;
			children = (
				8B0E699A21ADF50E0041DF5E /* APIManager.swift */,
				8B99D95C21B41B9E00A3B518 /* APIManager+Auth.swift */,
			);
			path = APImanager;
			sourceTree = "<group>";
		};
		8BCD353B21AAD49200A2A634 = {
			isa = PBXGroup;
			children = (
				8BCD354621AAD49200A2A634 /* JUST GIF IT */,
				8BCD354521AAD49200A2A634 /* Products */,
				37E82E21FF136206B8E65F2A /* Pods */,
				3A0844003EEE2049D0B4B436 /* Frameworks */,
			);
			sourceTree = "<group>";
		};
		8BCD354521AAD49200A2A634 /* Products */ = {
			isa = PBXGroup;
			children = (
				8BCD354421AAD49200A2A634 /* JUST GIF IT.app */,
			);
			name = Products;
			sourceTree = "<group>";
		};
		8BCD354621AAD49200A2A634 /* JUST GIF IT */ = {
			isa = PBXGroup;
			children = (
				8BCD354721AAD49200A2A634 /* AppDelegate.swift */,
				8BCD355D21AAE60600A2A634 /* Logic */,
				8BCD355B21AAE5EE00A2A634 /* UI */,
				8B96C36621AB349F00F26A6D /* Extensions */,
				8BCD354E21AAD49400A2A634 /* Assets.xcassets */,
				8BCD355321AAD49500A2A634 /* Info.plist */,
			);
			path = "JUST GIF IT";
			sourceTree = "<group>";
		};
		8BCD355B21AAE5EE00A2A634 /* UI */ = {
			isa = PBXGroup;
			children = (
				8BCD356021AAEB2800A2A634 /* Storyboards */,
				8BCD355C21AAE5F500A2A634 /* ViewControllers */,
				8B96C36321AB2DCA00F26A6D /* Views */,
				8B24E3B321AC9AF7007D323E /* Other */,
			);
			path = UI;
			sourceTree = "<group>";
		};
		8BCD355C21AAE5F500A2A634 /* ViewControllers */ = {
			isa = PBXGroup;
			children = (
				8BCD357321AB07EB00A2A634 /* Login */,
				8BCD357521AB081600A2A634 /* Main */,
			);
			path = ViewControllers;
			sourceTree = "<group>";
		};
		8BCD355D21AAE60600A2A634 /* Logic */ = {
			isa = PBXGroup;
			children = (
				8BCD356E21AAED1900A2A634 /* Managers */,
				8B0E699E21ADFD470041DF5E /* Models */,
			);
			path = Logic;
			sourceTree = "<group>";
		};
		8BCD356021AAEB2800A2A634 /* Storyboards */ = {
			isa = PBXGroup;
			children = (
				8BCD356621AAECC900A2A634 /* LaunchScreen.storyboard */,
				8BC6586B21AB0A13005EA71A /* Login.storyboard */,
				8BCD356721AAECC900A2A634 /* Main.storyboard */,
			);
			path = Storyboards;
			sourceTree = "<group>";
		};
		8BCD356E21AAED1900A2A634 /* Managers */ = {
			isa = PBXGroup;
			children = (
				8B99D95B21B41B8300A3B518 /* APImanager */,
				8BCD356C21AAED1600A2A634 /* AppManager.swift */,
				8B45B5E921B093F5002F6458 /* KeychainManager.swift */,
				8BCD356F21AAF79600A2A634 /* UserManager.swift */,
			);
			path = Managers;
			sourceTree = "<group>";
		};
		8BCD357321AB07EB00A2A634 /* Login */ = {
			isa = PBXGroup;
			children = (
				8BCD355E21AAEB1300A2A634 /* LoginViewController.swift */,
				8BCD357121AB07E400A2A634 /* RegisterViewController.swift */,
			);
			path = Login;
			sourceTree = "<group>";
		};
		8BCD357521AB081600A2A634 /* Main */ = {
			isa = PBXGroup;
			children = (
				8BCD355921AAE5E800A2A634 /* GalleryViewController.swift */,
				8B24E3B821ACB510007D323E /* NewImageViewController.swift */,
				8B24E3BA21ACB53A007D323E /* GifViewController.swift */,
			);
			path = Main;
			sourceTree = "<group>";
		};
/* End PBXGroup section */

/* Begin PBXNativeTarget section */
		8BCD354321AAD49200A2A634 /* JUST GIF IT */ = {
			isa = PBXNativeTarget;
			buildConfigurationList = 8BCD355621AAD49500A2A634 /* Build configuration list for PBXNativeTarget "JUST GIF IT" */;
			buildPhases = (
				6FC34F36843CC69A6FAD4B28 /* [CP] Check Pods Manifest.lock */,
				8BCD354021AAD49200A2A634 /* Sources */,
				8BCD354121AAD49200A2A634 /* Frameworks */,
				8BCD354221AAD49200A2A634 /* Resources */,
				D80A74D00188C7AE1610F5B3 /* [CP] Embed Pods Frameworks */,
			);
			buildRules = (
			);
			dependencies = (
			);
			name = "JUST GIF IT";
			productName = "JUST GIF IT";
			productReference = 8BCD354421AAD49200A2A634 /* JUST GIF IT.app */;
			productType = "com.apple.product-type.application";
		};
/* End PBXNativeTarget section */

/* Begin PBXProject section */
		8BCD353C21AAD49200A2A634 /* Project object */ = {
			isa = PBXProject;
			attributes = {
				LastSwiftUpdateCheck = 1010;
				LastUpgradeCheck = 1010;
				ORGANIZATIONNAME = Developer;
				TargetAttributes = {
					8BCD354321AAD49200A2A634 = {
						CreatedOnToolsVersion = 10.1;
					};
				};
			};
			buildConfigurationList = 8BCD353F21AAD49200A2A634 /* Build configuration list for PBXProject "JUST GIF IT" */;
			compatibilityVersion = "Xcode 9.3";
			developmentRegion = en;
			hasScannedForEncodings = 0;
			knownRegions = (
				en,
				Base,
			);
			mainGroup = 8BCD353B21AAD49200A2A634;
			productRefGroup = 8BCD354521AAD49200A2A634 /* Products */;
			projectDirPath = "";
			projectRoot = "";
			targets = (
				8BCD354321AAD49200A2A634 /* JUST GIF IT */,
			);
		};
/* End PBXProject section */

/* Begin PBXResourcesBuildPhase section */
		8BCD354221AAD49200A2A634 /* Resources */ = {
			isa = PBXResourcesBuildPhase;
			buildActionMask = 2147483647;
			files = (
				8BC6586C21AB0A13005EA71A /* Login.storyboard in Resources */,
				8BCD356A21AAECC900A2A634 /* Main.storyboard in Resources */,
				8BCD354F21AAD49400A2A634 /* Assets.xcassets in Resources */,
				8BCD356921AAECC900A2A634 /* LaunchScreen.storyboard in Resources */,
			);
			runOnlyForDeploymentPostprocessing = 0;
		};
/* End PBXResourcesBuildPhase section */

/* Begin PBXShellScriptBuildPhase section */
		6FC34F36843CC69A6FAD4B28 /* [CP] Check Pods Manifest.lock */ = {
			isa = PBXShellScriptBuildPhase;
			buildActionMask = 2147483647;
			files = (
			);
			inputFileListPaths = (
			);
			inputPaths = (
				"${PODS_PODFILE_DIR_PATH}/Podfile.lock",
				"${PODS_ROOT}/Manifest.lock",
			);
			name = "[CP] Check Pods Manifest.lock";
			outputFileListPaths = (
			);
			outputPaths = (
				"$(DERIVED_FILE_DIR)/Pods-JUST GIF IT-checkManifestLockResult.txt",
			);
			runOnlyForDeploymentPostprocessing = 0;
			shellPath = /bin/sh;
			shellScript = "diff \"${PODS_PODFILE_DIR_PATH}/Podfile.lock\" \"${PODS_ROOT}/Manifest.lock\" > /dev/null\nif [ $? != 0 ] ; then\n    # print error to STDERR\n    echo \"error: The sandbox is not in sync with the Podfile.lock. Run 'pod install' or update your CocoaPods installation.\" >&2\n    exit 1\nfi\n# This output is used by Xcode 'outputs' to avoid re-running this script phase.\necho \"SUCCESS\" > \"${SCRIPT_OUTPUT_FILE_0}\"\n";
			showEnvVarsInLog = 0;
		};
		D80A74D00188C7AE1610F5B3 /* [CP] Embed Pods Frameworks */ = {
			isa = PBXShellScriptBuildPhase;
			buildActionMask = 2147483647;
			files = (
			);
			inputFileListPaths = (
			);
			inputPaths = (
				"${SRCROOT}/Pods/Target Support Files/Pods-JUST GIF IT/Pods-JUST GIF IT-frameworks.sh",
				"${BUILT_PRODUCTS_DIR}/Alamofire/Alamofire.framework",
				"${BUILT_PRODUCTS_DIR}/IQKeyboardManagerSwift/IQKeyboardManagerSwift.framework",
				"${BUILT_PRODUCTS_DIR}/KeychainSwift/KeychainSwift.framework",
				"${BUILT_PRODUCTS_DIR}/ObjectMapper/ObjectMapper.framework",
				"${BUILT_PRODUCTS_DIR}/SwiftyGif/SwiftyGif.framework",
				"${BUILT_PRODUCTS_DIR}/SwiftyJSON/SwiftyJSON.framework",
			);
			name = "[CP] Embed Pods Frameworks";
			outputFileListPaths = (
			);
			outputPaths = (
				"${TARGET_BUILD_DIR}/${FRAMEWORKS_FOLDER_PATH}/Alamofire.framework",
				"${TARGET_BUILD_DIR}/${FRAMEWORKS_FOLDER_PATH}/IQKeyboardManagerSwift.framework",
				"${TARGET_BUILD_DIR}/${FRAMEWORKS_FOLDER_PATH}/KeychainSwift.framework",
				"${TARGET_BUILD_DIR}/${FRAMEWORKS_FOLDER_PATH}/ObjectMapper.framework",
				"${TARGET_BUILD_DIR}/${FRAMEWORKS_FOLDER_PATH}/SwiftyGif.framework",
				"${TARGET_BUILD_DIR}/${FRAMEWORKS_FOLDER_PATH}/SwiftyJSON.framework",
			);
			runOnlyForDeploymentPostprocessing = 0;
			shellPath = /bin/sh;
			shellScript = "\"${SRCROOT}/Pods/Target Support Files/Pods-JUST GIF IT/Pods-JUST GIF IT-frameworks.sh\"\n";
			showEnvVarsInLog = 0;
		};
/* End PBXShellScriptBuildPhase section */

/* Begin PBXSourcesBuildPhase section */
		8BCD354021AAD49200A2A634 /* Sources */ = {
			isa = PBXSourcesBuildPhase;
			buildActionMask = 2147483647;
			files = (
				8B24E3B521ACA727007D323E /* CAGradientLayer +Extension.swift in Sources */,
				8B91A47821AE15F500387502 /* UIActivityIndicatorView+Extension.swift in Sources */,
				8B96C36821AB3ED600F26A6D /* UITextField+Extension.swift in Sources */,
				8B99D95621B36AA100A3B518 /* UIImage+Extension.swift in Sources */,
				8B6E1C0C21AB7E8000C03489 /* UIViewController+Extension.swift in Sources */,
				8B96C36521AB349500F26A6D /* CALayer+Extenstion.swift in Sources */,
				8B96C36221AB2DC700F26A6D /* AvatarImageView.swift in Sources */,
				8B96C36A21AB3FAA00F26A6D /* UIButton+Extension.swift in Sources */,
				8B0E69A021AE0BF90041DF5E /* InternalError.swift in Sources */,
				8BCD355F21AAEB1300A2A634 /* LoginViewController.swift in Sources */,
				8B24E3BB21ACB53A007D323E /* GifViewController.swift in Sources */,
				8B0E699921ADEC0D0041DF5E /* String+Extension.swift in Sources */,
				8B24E3B721ACA828007D323E /* UINavigationBar+Extension.swift in Sources */,
				8B24E3B221AC9A0A007D323E /* ReplaceRootSegue.swift in Sources */,
				8B45B5EC21B0B728002F6458 /* SegueManager.swift in Sources */,
				8BCD354821AAD49200A2A634 /* AppDelegate.swift in Sources */,
				8B0E699B21ADF50E0041DF5E /* APIManager.swift in Sources */,
				8BCD355A21AAE5E800A2A634 /* GalleryViewController.swift in Sources */,
				8BCD357221AB07E400A2A634 /* RegisterViewController.swift in Sources */,
				8B99D95D21B41B9E00A3B518 /* APIManager+Auth.swift in Sources */,
				8BCD357021AAF79600A2A634 /* UserManager.swift in Sources */,
				8BCD356D21AAED1600A2A634 /* AppManager.swift in Sources */,
				8B959FCA21B334F100638B2E /* User.swift in Sources */,
				8B24E3B921ACB510007D323E /* NewImageViewController.swift in Sources */,
				8B45B5EA21B093F5002F6458 /* KeychainManager.swift in Sources */,
			);
			runOnlyForDeploymentPostprocessing = 0;
		};
/* End PBXSourcesBuildPhase section */

/* Begin XCBuildConfiguration section */
		8BCD355421AAD49500A2A634 /* Debug */ = {
			isa = XCBuildConfiguration;
			buildSettings = {
				ALWAYS_SEARCH_USER_PATHS = NO;
				CLANG_ANALYZER_NONNULL = YES;
				CLANG_ANALYZER_NUMBER_OBJECT_CONVERSION = YES_AGGRESSIVE;
				CLANG_CXX_LANGUAGE_STANDARD = "gnu++14";
				CLANG_CXX_LIBRARY = "libc++";
				CLANG_ENABLE_MODULES = YES;
				CLANG_ENABLE_OBJC_ARC = YES;
				CLANG_ENABLE_OBJC_WEAK = YES;
				CLANG_WARN_BLOCK_CAPTURE_AUTORELEASING = YES;
				CLANG_WARN_BOOL_CONVERSION = YES;
				CLANG_WARN_COMMA = YES;
				CLANG_WARN_CONSTANT_CONVERSION = YES;
				CLANG_WARN_DEPRECATED_OBJC_IMPLEMENTATIONS = YES;
				CLANG_WARN_DIRECT_OBJC_ISA_USAGE = YES_ERROR;
				CLANG_WARN_DOCUMENTATION_COMMENTS = YES;
				CLANG_WARN_EMPTY_BODY = YES;
				CLANG_WARN_ENUM_CONVERSION = YES;
				CLANG_WARN_INFINITE_RECURSION = YES;
				CLANG_WARN_INT_CONVERSION = YES;
				CLANG_WARN_NON_LITERAL_NULL_CONVERSION = YES;
				CLANG_WARN_OBJC_IMPLICIT_RETAIN_SELF = YES;
				CLANG_WARN_OBJC_LITERAL_CONVERSION = YES;
				CLANG_WARN_OBJC_ROOT_CLASS = YES_ERROR;
				CLANG_WARN_RANGE_LOOP_ANALYSIS = YES;
				CLANG_WARN_STRICT_PROTOTYPES = YES;
				CLANG_WARN_SUSPICIOUS_MOVE = YES;
				CLANG_WARN_UNGUARDED_AVAILABILITY = YES_AGGRESSIVE;
				CLANG_WARN_UNREACHABLE_CODE = YES;
				CLANG_WARN__DUPLICATE_METHOD_MATCH = YES;
				CODE_SIGN_IDENTITY = "iPhone Developer";
				COPY_PHASE_STRIP = NO;
				DEBUG_INFORMATION_FORMAT = dwarf;
				ENABLE_STRICT_OBJC_MSGSEND = YES;
				ENABLE_TESTABILITY = YES;
				GCC_C_LANGUAGE_STANDARD = gnu11;
				GCC_DYNAMIC_NO_PIC = NO;
				GCC_NO_COMMON_BLOCKS = YES;
				GCC_OPTIMIZATION_LEVEL = 0;
				GCC_PREPROCESSOR_DEFINITIONS = (
					"DEBUG=1",
					"$(inherited)",
				);
				GCC_WARN_64_TO_32_BIT_CONVERSION = YES;
				GCC_WARN_ABOUT_RETURN_TYPE = YES_ERROR;
				GCC_WARN_UNDECLARED_SELECTOR = YES;
				GCC_WARN_UNINITIALIZED_AUTOS = YES_AGGRESSIVE;
				GCC_WARN_UNUSED_FUNCTION = YES;
				GCC_WARN_UNUSED_VARIABLE = YES;
				IPHONEOS_DEPLOYMENT_TARGET = 11.0;
				MTL_ENABLE_DEBUG_INFO = INCLUDE_SOURCE;
				MTL_FAST_MATH = YES;
				ONLY_ACTIVE_ARCH = YES;
				SDKROOT = iphoneos;
				SWIFT_ACTIVE_COMPILATION_CONDITIONS = DEBUG;
				SWIFT_OPTIMIZATION_LEVEL = "-Onone";
			};
			name = Debug;
		};
		8BCD355521AAD49500A2A634 /* Release */ = {
			isa = XCBuildConfiguration;
			buildSettings = {
				ALWAYS_SEARCH_USER_PATHS = NO;
				CLANG_ANALYZER_NONNULL = YES;
				CLANG_ANALYZER_NUMBER_OBJECT_CONVERSION = YES_AGGRESSIVE;
				CLANG_CXX_LANGUAGE_STANDARD = "gnu++14";
				CLANG_CXX_LIBRARY = "libc++";
				CLANG_ENABLE_MODULES = YES;
				CLANG_ENABLE_OBJC_ARC = YES;
				CLANG_ENABLE_OBJC_WEAK = YES;
				CLANG_WARN_BLOCK_CAPTURE_AUTORELEASING = YES;
				CLANG_WARN_BOOL_CONVERSION = YES;
				CLANG_WARN_COMMA = YES;
				CLANG_WARN_CONSTANT_CONVERSION = YES;
				CLANG_WARN_DEPRECATED_OBJC_IMPLEMENTATIONS = YES;
				CLANG_WARN_DIRECT_OBJC_ISA_USAGE = YES_ERROR;
				CLANG_WARN_DOCUMENTATION_COMMENTS = YES;
				CLANG_WARN_EMPTY_BODY = YES;
				CLANG_WARN_ENUM_CONVERSION = YES;
				CLANG_WARN_INFINITE_RECURSION = YES;
				CLANG_WARN_INT_CONVERSION = YES;
				CLANG_WARN_NON_LITERAL_NULL_CONVERSION = YES;
				CLANG_WARN_OBJC_IMPLICIT_RETAIN_SELF = YES;
				CLANG_WARN_OBJC_LITERAL_CONVERSION = YES;
				CLANG_WARN_OBJC_ROOT_CLASS = YES_ERROR;
				CLANG_WARN_RANGE_LOOP_ANALYSIS = YES;
				CLANG_WARN_STRICT_PROTOTYPES = YES;
				CLANG_WARN_SUSPICIOUS_MOVE = YES;
				CLANG_WARN_UNGUARDED_AVAILABILITY = YES_AGGRESSIVE;
				CLANG_WARN_UNREACHABLE_CODE = YES;
				CLANG_WARN__DUPLICATE_METHOD_MATCH = YES;
				CODE_SIGN_IDENTITY = "iPhone Developer";
				COPY_PHASE_STRIP = NO;
				DEBUG_INFORMATION_FORMAT = "dwarf-with-dsym";
				ENABLE_NS_ASSERTIONS = NO;
				ENABLE_STRICT_OBJC_MSGSEND = YES;
				GCC_C_LANGUAGE_STANDARD = gnu11;
				GCC_NO_COMMON_BLOCKS = YES;
				GCC_WARN_64_TO_32_BIT_CONVERSION = YES;
				GCC_WARN_ABOUT_RETURN_TYPE = YES_ERROR;
				GCC_WARN_UNDECLARED_SELECTOR = YES;
				GCC_WARN_UNINITIALIZED_AUTOS = YES_AGGRESSIVE;
				GCC_WARN_UNUSED_FUNCTION = YES;
				GCC_WARN_UNUSED_VARIABLE = YES;
				IPHONEOS_DEPLOYMENT_TARGET = 11.0;
				MTL_ENABLE_DEBUG_INFO = NO;
				MTL_FAST_MATH = YES;
				SDKROOT = iphoneos;
				SWIFT_COMPILATION_MODE = wholemodule;
				SWIFT_OPTIMIZATION_LEVEL = "-O";
				VALIDATE_PRODUCT = YES;
			};
			name = Release;
		};
		8BCD355721AAD49500A2A634 /* Debug */ = {
			isa = XCBuildConfiguration;
			baseConfigurationReference = 0277FB1D27B7DD3B10E1BC13 /* Pods-JUST GIF IT.debug.xcconfig */;
			buildSettings = {
				ASSETCATALOG_COMPILER_APPICON_NAME = AppIcon;
				CODE_SIGN_IDENTITY = "iPhone Developer";
				CODE_SIGN_STYLE = Automatic;
				DEVELOPMENT_TEAM = RHNH96Y2QD;
				INFOPLIST_FILE = "JUST GIF IT/Info.plist";
				LD_RUNPATH_SEARCH_PATHS = (
					"$(inherited)",
					"@executable_path/Frameworks",
				);
				PRODUCT_BUNDLE_IDENTIFIER = "com.olehhrechyn.testtask.JUST-GIF-IT";
				PRODUCT_NAME = "$(TARGET_NAME)";
				PROVISIONING_PROFILE_SPECIFIER = "";
				SWIFT_VERSION = 4.2;
				TARGETED_DEVICE_FAMILY = "1,2";
			};
			name = Debug;
		};
		8BCD355821AAD49500A2A634 /* Release */ = {
			isa = XCBuildConfiguration;
			baseConfigurationReference = 97CACF23ECDA3AFF2C013CCE /* Pods-JUST GIF IT.release.xcconfig */;
			buildSettings = {
				ASSETCATALOG_COMPILER_APPICON_NAME = AppIcon;
				CODE_SIGN_IDENTITY = "iPhone Developer";
				CODE_SIGN_STYLE = Automatic;
				DEVELOPMENT_TEAM = RHNH96Y2QD;
				INFOPLIST_FILE = "JUST GIF IT/Info.plist";
				LD_RUNPATH_SEARCH_PATHS = (
					"$(inherited)",
					"@executable_path/Frameworks",
				);
				PRODUCT_BUNDLE_IDENTIFIER = "com.olehhrechyn.testtask.JUST-GIF-IT";
				PRODUCT_NAME = "$(TARGET_NAME)";
				PROVISIONING_PROFILE_SPECIFIER = "";
				SWIFT_VERSION = 4.2;
				TARGETED_DEVICE_FAMILY = "1,2";
			};
			name = Release;
		};
/* End XCBuildConfiguration section */

/* Begin XCConfigurationList section */
		8BCD353F21AAD49200A2A634 /* Build configuration list for PBXProject "JUST GIF IT" */ = {
			isa = XCConfigurationList;
			buildConfigurations = (
				8BCD355421AAD49500A2A634 /* Debug */,
				8BCD355521AAD49500A2A634 /* Release */,
			);
			defaultConfigurationIsVisible = 0;
			defaultConfigurationName = Release;
		};
		8BCD355621AAD49500A2A634 /* Build configuration list for PBXNativeTarget "JUST GIF IT" */ = {
			isa = XCConfigurationList;
			buildConfigurations = (
				8BCD355721AAD49500A2A634 /* Debug */,
				8BCD355821AAD49500A2A634 /* Release */,
			);
			defaultConfigurationIsVisible = 0;
			defaultConfigurationName = Release;
		};
/* End XCConfigurationList section */
	};
	rootObject = 8BCD353C21AAD49200A2A634 /* Project object */;
}
